
Microsoft Visual Studio Solution File, Format Version 12.00
# Visual Studio 15
VisualStudioVersion = 15.0.26730.12
MinimumVisualStudioVersion = 10.0.40219.1
Project("{FAE04EC0-301F-11D3-BF4B-00C04F79EFBC}") = "pract1.Android", "pract1\pract1.Android\pract1.Android.csproj", "{5D5504AF-725D-4A2E-9C46-E785D3703D75}"
EndProject
Project("{FAE04EC0-301F-11D3-BF4B-00C04F79EFBC}") = "pract1", "pract1\pract1\pract1.csproj", "{CB622009-8DA6-4967-8401-1BCF5FF5038E}"
EndProject
Project("{FAE04EC0-301F-11D3-BF4B-00C04F79EFBC}") = "pract1.UWP", "pract1\pract1.UWP\pract1.UWP.csproj", "{CBC6B4F1-2640-49E6-A2D0-5CC98464E2B4}"
EndProject
Project("{FAE04EC0-301F-11D3-BF4B-00C04F79EFBC}") = "pract1.iOS", "pract1\pract1.iOS\pract1.iOS.csproj", "{83236D30-3270-4E51-B2D1-F4BF3CCF2266}"
EndProject
Project("{2150E333-8FDC-42A3-9474-1A3956D46DE8}") = "Solution Items", "Solution Items", "{B85485E3-8480-4F23-A883-7399BFE7D995}"
	ProjectSection(SolutionItems) = preProject
		TextFile1.txt = TextFile1.txt
	EndProjectSection
EndProject
Global
	GlobalSection(SolutionConfigurationPlatforms) = preSolution
		Ad-Hoc|Any CPU = Ad-Hoc|Any CPU
		Ad-Hoc|ARM = Ad-Hoc|ARM
		Ad-Hoc|iPhone = Ad-Hoc|iPhone
		Ad-Hoc|iPhoneSimulator = Ad-Hoc|iPhoneSimulator
		Ad-Hoc|x64 = Ad-Hoc|x64
		Ad-Hoc|x86 = Ad-Hoc|x86
		AppStore|Any CPU = AppStore|Any CPU
		AppStore|ARM = AppStore|ARM
		AppStore|iPhone = AppStore|iPhone
		AppStore|iPhoneSimulator = AppStore|iPhoneSimulator
		AppStore|x64 = AppStore|x64
		AppStore|x86 = AppStore|x86
		Debug|Any CPU = Debug|Any CPU
		Debug|ARM = Debug|ARM
		Debug|iPhone = Debug|iPhone
		Debug|iPhoneSimulator = Debug|iPhoneSimulator
		Debug|x64 = Debug|x64
		Debug|x86 = Debug|x86
		Release|Any CPU = Release|Any CPU
		Release|ARM = Release|ARM
		Release|iPhone = Release|iPhone
		Release|iPhoneSimulator = Release|iPhoneSimulator
		Release|x64 = Release|x64
		Release|x86 = Release|x86
	EndGlobalSection
	GlobalSection(ProjectConfigurationPlatforms) = postSolution
		{5D5504AF-725D-4A2E-9C46-E785D3703D75}.Ad-Hoc|Any CPU.ActiveCfg = Release|Any CPU
		{5D5504AF-725D-4A2E-9C46-E785D3703D75}.Ad-Hoc|Any CPU.Build.0 = Release|Any CPU
		{5D5504AF-725D-4A2E-9C46-E785D3703D75}.Ad-Hoc|Any CPU.Deploy.0 = Release|Any CPU
		{5D5504AF-725D-4A2E-9C46-E785D3703D75}.Ad-Hoc|ARM.ActiveCfg = Release|Any CPU
		{5D5504AF-725D-4A2E-9C46-E785D3703D75}.Ad-Hoc|ARM.Build.0 = Release|Any CPU
		{5D5504AF-725D-4A2E-9C46-E785D3703D75}.Ad-Hoc|ARM.Deploy.0 = Release|Any CPU
		{5D5504AF-725D-4A2E-9C46-E785D3703D75}.Ad-Hoc|iPhone.ActiveCfg = Release|Any CPU
		{5D5504AF-725D-4A2E-9C46-E785D3703D75}.Ad-Hoc|iPhone.Build.0 = Release|Any CPU
		{5D5504AF-725D-4A2E-9C46-E785D3703D75}.Ad-Hoc|iPhone.Deploy.0 = Release|Any CPU
		{5D5504AF-725D-4A2E-9C46-E785D3703D75}.Ad-Hoc|iPhoneSimulator.ActiveCfg = Release|Any CPU
		{5D5504AF-725D-4A2E-9C46-E785D3703D75}.Ad-Hoc|iPhoneSimulator.Build.0 = Release|Any CPU
		{5D5504AF-725D-4A2E-9C46-E785D3703D75}.Ad-Hoc|iPhoneSimulator.Deploy.0 = Release|Any CPU
		{5D5504AF-725D-4A2E-9C46-E785D3703D75}.Ad-Hoc|x64.ActiveCfg = Release|Any CPU
		{5D5504AF-725D-4A2E-9C46-E785D3703D75}.Ad-Hoc|x64.Build.0 = Release|Any CPU
		{5D5504AF-725D-4A2E-9C46-E785D3703D75}.Ad-Hoc|x64.Deploy.0 = Release|Any CPU
		{5D5504AF-725D-4A2E-9C46-E785D3703D75}.Ad-Hoc|x86.ActiveCfg = Release|Any CPU
		{5D5504AF-725D-4A2E-9C46-E785D3703D75}.Ad-Hoc|x86.Build.0 = Release|Any CPU
		{5D5504AF-725D-4A2E-9C46-E785D3703D75}.Ad-Hoc|x86.Deploy.0 = Release|Any CPU
		{5D5504AF-725D-4A2E-9C46-E785D3703D75}.AppStore|Any CPU.ActiveCfg = Release|Any CPU
		{5D5504AF-725D-4A2E-9C46-E785D3703D75}.AppStore|Any CPU.Build.0 = Release|Any CPU
		{5D5504AF-725D-4A2E-9C46-E785D3703D75}.AppStore|Any CPU.Deploy.0 = Release|Any CPU
		{5D5504AF-725D-4A2E-9C46-E785D3703D75}.AppStore|ARM.ActiveCfg = Release|Any CPU
		{5D5504AF-725D-4A2E-9C46-E785D3703D75}.AppStore|ARM.Build.0 = Release|Any CPU
		{5D5504AF-725D-4A2E-9C46-E785D3703D75}.AppStore|ARM.Deploy.0 = Release|Any CPU
		{5D5504AF-725D-4A2E-9C46-E785D3703D75}.AppStore|iPhone.ActiveCfg = Release|Any CPU
		{5D5504AF-725D-4A2E-9C46-E785D3703D75}.AppStore|iPhone.Build.0 = Release|Any CPU
		{5D5504AF-725D-4A2E-9C46-E785D3703D75}.AppStore|iPhone.Deploy.0 = Release|Any CPU
		{5D5504AF-725D-4A2E-9C46-E785D3703D75}.AppStore|iPhoneSimulator.ActiveCfg = Release|Any CPU
		{5D5504AF-725D-4A2E-9C46-E785D3703D75}.AppStore|iPhoneSimulator.Build.0 = Release|Any CPU
		{5D5504AF-725D-4A2E-9C46-E785D3703D75}.AppStore|iPhoneSimulator.Deploy.0 = Release|Any CPU
		{5D5504AF-725D-4A2E-9C46-E785D3703D75}.AppStore|x64.ActiveCfg = Release|Any CPU
		{5D5504AF-725D-4A2E-9C46-E785D3703D75}.AppStore|x64.Build.0 = Release|Any CPU
		{5D5504AF-725D-4A2E-9C46-E785D3703D75}.AppStore|x64.Deploy.0 = Release|Any CPU
		{5D5504AF-725D-4A2E-9C46-E785D3703D75}.AppStore|x86.ActiveCfg = Release|Any CPU
		{5D5504AF-725D-4A2E-9C46-E785D3703D75}.AppStore|x86.Build.0 = Release|Any CPU
		{5D5504AF-725D-4A2E-9C46-E785D3703D75}.AppStore|x86.Deploy.0 = Release|Any CPU
		{5D5504AF-725D-4A2E-9C46-E785D3703D75}.Debug|Any CPU.ActiveCfg = Debug|Any CPU
		{5D5504AF-725D-4A2E-9C46-E785D3703D75}.Debug|Any CPU.Build.0 = Debug|Any CPU
		{5D5504AF-725D-4A2E-9C46-E785D3703D75}.Debug|Any CPU.Deploy.0 = Debug|Any CPU
		{5D5504AF-725D-4A2E-9C46-E785D3703D75}.Debug|ARM.ActiveCfg = Debug|Any CPU
		{5D5504AF-725D-4A2E-9C46-E785D3703D75}.Debug|ARM.Build.0 = Debug|Any CPU
		{5D5504AF-725D-4A2E-9C46-E785D3703D75}.Debug|ARM.Deploy.0 = Debug|Any CPU
		{5D5504AF-725D-4A2E-9C46-E785D3703D75}.Debug|iPhone.ActiveCfg = Debug|Any CPU
		{5D5504AF-725D-4A2E-9C46-E785D3703D75}.Debug|iPhone.Build.0 = Debug|Any CPU
		{5D5504AF-725D-4A2E-9C46-E785D3703D75}.Debug|iPhone.Deploy.0 = Debug|Any CPU
		{5D5504AF-725D-4A2E-9C46-E785D3703D75}.Debug|iPhoneSimulator.ActiveCfg = Debug|Any CPU
		{5D5504AF-725D-4A2E-9C46-E785D3703D75}.Debug|iPhoneSimulator.Build.0 = Debug|Any CPU
		{5D5504AF-725D-4A2E-9C46-E785D3703D75}.Debug|iPhoneSimulator.Deploy.0 = Debug|Any CPU
		{5D5504AF-725D-4A2E-9C46-E785D3703D75}.Debug|x64.ActiveCfg = Debug|Any CPU
		{5D5504AF-725D-4A2E-9C46-E785D3703D75}.Debug|x64.Build.0 = Debug|Any CPU
		{5D5504AF-725D-4A2E-9C46-E785D3703D75}.Debug|x64.Deploy.0 = Debug|Any CPU
		{5D5504AF-725D-4A2E-9C46-E785D3703D75}.Debug|x86.ActiveCfg = Debug|Any CPU
		{5D5504AF-725D-4A2E-9C46-E785D3703D75}.Debug|x86.Build.0 = Debug|Any CPU
		{5D5504AF-725D-4A2E-9C46-E785D3703D75}.Debug|x86.Deploy.0 = Debug|Any CPU
		{5D5504AF-725D-4A2E-9C46-E785D3703D75}.Release|Any CPU.ActiveCfg = Release|Any CPU
		{5D5504AF-725D-4A2E-9C46-E785D3703D75}.Release|Any CPU.Build.0 = Release|Any CPU
		{5D5504AF-725D-4A2E-9C46-E785D3703D75}.Release|Any CPU.Deploy.0 = Release|Any CPU
		{5D5504AF-725D-4A2E-9C46-E785D3703D75}.Release|ARM.ActiveCfg = Release|Any CPU
		{5D5504AF-725D-4A2E-9C46-E785D3703D75}.Release|ARM.Build.0 = Release|Any CPU
		{5D5504AF-725D-4A2E-9C46-E785D3703D75}.Release|ARM.Deploy.0 = Release|Any CPU
		{5D5504AF-725D-4A2E-9C46-E785D3703D75}.Release|iPhone.ActiveCfg = Release|Any CPU
		{5D5504AF-725D-4A2E-9C46-E785D3703D75}.Release|iPhone.Build.0 = Release|Any CPU
		{5D5504AF-725D-4A2E-9C46-E785D3703D75}.Release|iPhone.Deploy.0 = Release|Any CPU
		{5D5504AF-725D-4A2E-9C46-E785D3703D75}.Release|iPhoneSimulator.ActiveCfg = Release|Any CPU
		{5D5504AF-725D-4A2E-9C46-E785D3703D75}.Release|iPhoneSimulator.Build.0 = Release|Any CPU
		{5D5504AF-725D-4A2E-9C46-E785D3703D75}.Release|iPhoneSimulator.Deploy.0 = Release|Any CPU
		{5D5504AF-725D-4A2E-9C46-E785D3703D75}.Release|x64.ActiveCfg = Release|Any CPU
		{5D5504AF-725D-4A2E-9C46-E785D3703D75}.Release|x64.Build.0 = Release|Any CPU
		{5D5504AF-725D-4A2E-9C46-E785D3703D75}.Release|x64.Deploy.0 = Release|Any CPU
		{5D5504AF-725D-4A2E-9C46-E785D3703D75}.Release|x86.ActiveCfg = Release|Any CPU
		{5D5504AF-725D-4A2E-9C46-E785D3703D75}.Release|x86.Build.0 = Release|Any CPU
		{5D5504AF-725D-4A2E-9C46-E785D3703D75}.Release|x86.Deploy.0 = Release|Any CPU
		{CB622009-8DA6-4967-8401-1BCF5FF5038E}.Ad-Hoc|Any CPU.ActiveCfg = Release|Any CPU
		{CB622009-8DA6-4967-8401-1BCF5FF5038E}.Ad-Hoc|Any CPU.Build.0 = Release|Any CPU
		{CB622009-8DA6-4967-8401-1BCF5FF5038E}.Ad-Hoc|ARM.ActiveCfg = Release|Any CPU
		{CB622009-8DA6-4967-8401-1BCF5FF5038E}.Ad-Hoc|ARM.Build.0 = Release|Any CPU
		{CB622009-8DA6-4967-8401-1BCF5FF5038E}.Ad-Hoc|iPhone.ActiveCfg = Release|Any CPU
		{CB622009-8DA6-4967-8401-1BCF5FF5038E}.Ad-Hoc|iPhone.Build.0 = Release|Any CPU
		{CB622009-8DA6-4967-8401-1BCF5FF5038E}.Ad-Hoc|iPhoneSimulator.ActiveCfg = Release|Any CPU
		{CB622009-8DA6-4967-8401-1BCF5FF5038E}.Ad-Hoc|iPhoneSimulator.Build.0 = Release|Any CPU
		{CB622009-8DA6-4967-8401-1BCF5FF5038E}.Ad-Hoc|x64.ActiveCfg = Release|Any CPU
		{CB622009-8DA6-4967-8401-1BCF5FF5038E}.Ad-Hoc|x64.Build.0 = Release|Any CPU
		{CB622009-8DA6-4967-8401-1BCF5FF5038E}.Ad-Hoc|x86.ActiveCfg = Release|Any CPU
		{CB622009-8DA6-4967-8401-1BCF5FF5038E}.Ad-Hoc|x86.Build.0 = Release|Any CPU
		{CB622009-8DA6-4967-8401-1BCF5FF5038E}.AppStore|Any CPU.ActiveCfg = Release|Any CPU
		{CB622009-8DA6-4967-8401-1BCF5FF5038E}.AppStore|Any CPU.Build.0 = Release|Any CPU
		{CB622009-8DA6-4967-8401-1BCF5FF5038E}.AppStore|ARM.ActiveCfg = Release|Any CPU
		{CB622009-8DA6-4967-8401-1BCF5FF5038E}.AppStore|ARM.Build.0 = Release|Any CPU
		{CB622009-8DA6-4967-8401-1BCF5FF5038E}.AppStore|iPhone.ActiveCfg = Release|Any CPU
		{CB622009-8DA6-4967-8401-1BCF5FF5038E}.AppStore|iPhone.Build.0 = Release|Any CPU
		{CB622009-8DA6-4967-8401-1BCF5FF5038E}.AppStore|iPhoneSimulator.ActiveCfg = Release|Any CPU
		{CB622009-8DA6-4967-8401-1BCF5FF5038E}.AppStore|iPhoneSimulator.Build.0 = Release|Any CPU
		{CB622009-8DA6-4967-8401-1BCF5FF5038E}.AppStore|x64.ActiveCfg = Release|Any CPU
		{CB622009-8DA6-4967-8401-1BCF5FF5038E}.AppStore|x64.Build.0 = Release|Any CPU
		{CB622009-8DA6-4967-8401-1BCF5FF5038E}.AppStore|x86.ActiveCfg = Release|Any CPU
		{CB622009-8DA6-4967-8401-1BCF5FF5038E}.AppStore|x86.Build.0 = Release|Any CPU
		{CB622009-8DA6-4967-8401-1BCF5FF5038E}.Debug|Any CPU.ActiveCfg = Debug|Any CPU
		{CB622009-8DA6-4967-8401-1BCF5FF5038E}.Debug|Any CPU.Build.0 = Debug|Any CPU
		{CB622009-8DA6-4967-8401-1BCF5FF5038E}.Debug|ARM.ActiveCfg = Debug|Any CPU
		{CB622009-8DA6-4967-8401-1BCF5FF5038E}.Debug|ARM.Build.0 = Debug|Any CPU
		{CB622009-8DA6-4967-8401-1BCF5FF5038E}.Debug|iPhone.ActiveCfg = Debug|Any CPU
		{CB622009-8DA6-4967-8401-1BCF5FF5038E}.Debug|iPhone.Build.0 = Debug|Any CPU
		{CB622009-8DA6-4967-8401-1BCF5FF5038E}.Debug|iPhoneSimulator.ActiveCfg = Debug|Any CPU
		{CB622009-8DA6-4967-8401-1BCF5FF5038E}.Debug|iPhoneSimulator.Build.0 = Debug|Any CPU
		{CB622009-8DA6-4967-8401-1BCF5FF5038E}.Debug|x64.ActiveCfg = Debug|Any CPU
		{CB622009-8DA6-4967-8401-1BCF5FF5038E}.Debug|x64.Build.0 = Debug|Any CPU
		{CB622009-8DA6-4967-8401-1BCF5FF5038E}.Debug|x86.ActiveCfg = Debug|Any CPU
		{CB622009-8DA6-4967-8401-1BCF5FF5038E}.Debug|x86.Build.0 = Debug|Any CPU
		{CB622009-8DA6-4967-8401-1BCF5FF5038E}.Release|Any CPU.ActiveCfg = Release|Any CPU
		{CB622009-8DA6-4967-8401-1BCF5FF5038E}.Release|Any CPU.Build.0 = Release|Any CPU
		{CB622009-8DA6-4967-8401-1BCF5FF5038E}.Release|ARM.ActiveCfg = Release|Any CPU
		{CB622009-8DA6-4967-8401-1BCF5FF5038E}.Release|ARM.Build.0 = Release|Any CPU
		{CB622009-8DA6-4967-8401-1BCF5FF5038E}.Release|iPhone.ActiveCfg = Release|Any CPU
		{CB622009-8DA6-4967-8401-1BCF5FF5038E}.Release|iPhone.Build.0 = Release|Any CPU
		{CB622009-8DA6-4967-8401-1BCF5FF5038E}.Release|iPhoneSimulator.ActiveCfg = Release|Any CPU
		{CB622009-8DA6-4967-8401-1BCF5FF5038E}.Release|iPhoneSimulator.Build.0 = Release|Any CPU
		{CB622009-8DA6-4967-8401-1BCF5FF5038E}.Release|x64.ActiveCfg = Release|Any CPU
		{CB622009-8DA6-4967-8401-1BCF5FF5038E}.Release|x64.Build.0 = Release|Any CPU
		{CB622009-8DA6-4967-8401-1BCF5FF5038E}.Release|x86.ActiveCfg = Release|Any CPU
		{CB622009-8DA6-4967-8401-1BCF5FF5038E}.Release|x86.Build.0 = Release|Any CPU
		{CBC6B4F1-2640-49E6-A2D0-5CC98464E2B4}.Ad-Hoc|Any CPU.ActiveCfg = Release|x86
		{CBC6B4F1-2640-49E6-A2D0-5CC98464E2B4}.Ad-Hoc|Any CPU.Build.0 = Release|x86
		{CBC6B4F1-2640-49E6-A2D0-5CC98464E2B4}.Ad-Hoc|Any CPU.Deploy.0 = Release|x86
		{CBC6B4F1-2640-49E6-A2D0-5CC98464E2B4}.Ad-Hoc|ARM.ActiveCfg = Release|ARM
		{CBC6B4F1-2640-49E6-A2D0-5CC98464E2B4}.Ad-Hoc|ARM.Build.0 = Release|ARM
		{CBC6B4F1-2640-49E6-A2D0-5CC98464E2B4}.Ad-Hoc|ARM.Deploy.0 = Release|ARM
		{CBC6B4F1-2640-49E6-A2D0-5CC98464E2B4}.Ad-Hoc|iPhone.ActiveCfg = Release|x86
		{CBC6B4F1-2640-49E6-A2D0-5CC98464E2B4}.Ad-Hoc|iPhone.Build.0 = Release|x86
		{CBC6B4F1-2640-49E6-A2D0-5CC98464E2B4}.Ad-Hoc|iPhone.Deploy.0 = Release|x86
		{CBC6B4F1-2640-49E6-A2D0-5CC98464E2B4}.Ad-Hoc|iPhoneSimulator.ActiveCfg = Release|x86
		{CBC6B4F1-2640-49E6-A2D0-5CC98464E2B4}.Ad-Hoc|iPhoneSimulator.Build.0 = Release|x86
		{CBC6B4F1-2640-49E6-A2D0-5CC98464E2B4}.Ad-Hoc|iPhoneSimulator.Deploy.0 = Release|x86
		{CBC6B4F1-2640-49E6-A2D0-5CC98464E2B4}.Ad-Hoc|x64.ActiveCfg = Release|x64
		{CBC6B4F1-2640-49E6-A2D0-5CC98464E2B4}.Ad-Hoc|x64.Build.0 = Release|x64
		{CBC6B4F1-2640-49E6-A2D0-5CC98464E2B4}.Ad-Hoc|x64.Deploy.0 = Release|x64
		{CBC6B4F1-2640-49E6-A2D0-5CC98464E2B4}.Ad-Hoc|x86.ActiveCfg = Release|x86
		{CBC6B4F1-2640-49E6-A2D0-5CC98464E2B4}.Ad-Hoc|x86.Build.0 = Release|x86
		{CBC6B4F1-2640-49E6-A2D0-5CC98464E2B4}.Ad-Hoc|x86.Deploy.0 = Release|x86
		{CBC6B4F1-2640-49E6-A2D0-5CC98464E2B4}.AppStore|Any CPU.ActiveCfg = Release|x86
		{CBC6B4F1-2640-49E6-A2D0-5CC98464E2B4}.AppStore|Any CPU.Build.0 = Release|x86
		{CBC6B4F1-2640-49E6-A2D0-5CC98464E2B4}.AppStore|Any CPU.Deploy.0 = Release|x86
		{CBC6B4F1-2640-49E6-A2D0-5CC98464E2B4}.AppStore|ARM.ActiveCfg = Release|ARM
		{CBC6B4F1-2640-49E6-A2D0-5CC98464E2B4}.AppStore|ARM.Build.0 = Release|ARM
		{CBC6B4F1-2640-49E6-A2D0-5CC98464E2B4}.AppStore|ARM.Deploy.0 = Release|ARM
		{CBC6B4F1-2640-49E6-A2D0-5CC98464E2B4}.AppStore|iPhone.ActiveCfg = Release|x86
		{CBC6B4F1-2640-49E6-A2D0-5CC98464E2B4}.AppStore|iPhone.Build.0 = Release|x86
		{CBC6B4F1-2640-49E6-A2D0-5CC98464E2B4}.AppStore|iPhone.Deploy.0 = Release|x86
		{CBC6B4F1-2640-49E6-A2D0-5CC98464E2B4}.AppStore|iPhoneSimulator.ActiveCfg = Release|x86
		{CBC6B4F1-2640-49E6-A2D0-5CC98464E2B4}.AppStore|iPhoneSimulator.Build.0 = Release|x86
		{CBC6B4F1-2640-49E6-A2D0-5CC98464E2B4}.AppStore|iPhoneSimulator.Deploy.0 = Release|x86
		{CBC6B4F1-2640-49E6-A2D0-5CC98464E2B4}.AppStore|x64.ActiveCfg = Release|x64
		{CBC6B4F1-2640-49E6-A2D0-5CC98464E2B4}.AppStore|x64.Build.0 = Release|x64
		{CBC6B4F1-2640-49E6-A2D0-5CC98464E2B4}.AppStore|x64.Deploy.0 = Release|x64
		{CBC6B4F1-2640-49E6-A2D0-5CC98464E2B4}.AppStore|x86.ActiveCfg = Release|x86
		{CBC6B4F1-2640-49E6-A2D0-5CC98464E2B4}.AppStore|x86.Build.0 = Release|x86
		{CBC6B4F1-2640-49E6-A2D0-5CC98464E2B4}.AppStore|x86.Deploy.0 = Release|x86
		{CBC6B4F1-2640-49E6-A2D0-5CC98464E2B4}.Debug|Any CPU.ActiveCfg = Debug|x86
		{CBC6B4F1-2640-49E6-A2D0-5CC98464E2B4}.Debug|ARM.ActiveCfg = Debug|ARM
		{CBC6B4F1-2640-49E6-A2D0-5CC98464E2B4}.Debug|ARM.Build.0 = Debug|ARM
		{CBC6B4F1-2640-49E6-A2D0-5CC98464E2B4}.Debug|ARM.Deploy.0 = Debug|ARM
		{CBC6B4F1-2640-49E6-A2D0-5CC98464E2B4}.Debug|iPhone.ActiveCfg = Debug|x86
		{CBC6B4F1-2640-49E6-A2D0-5CC98464E2B4}.Debug|iPhoneSimulator.ActiveCfg = Debug|x86
		{CBC6B4F1-2640-49E6-A2D0-5CC98464E2B4}.Debug|x64.ActiveCfg = Debug|x64
		{CBC6B4F1-2640-49E6-A2D0-5CC98464E2B4}.Debug|x64.Build.0 = Debug|x64
		{CBC6B4F1-2640-49E6-A2D0-5CC98464E2B4}.Debug|x64.Deploy.0 = Debug|x64
		{CBC6B4F1-2640-49E6-A2D0-5CC98464E2B4}.Debug|x86.ActiveCfg = Debug|x86
		{CBC6B4F1-2640-49E6-A2D0-5CC98464E2B4}.Debug|x86.Build.0 = Debug|x86
		{CBC6B4F1-2640-49E6-A2D0-5CC98464E2B4}.Debug|x86.Deploy.0 = Debug|x86
		{CBC6B4F1-2640-49E6-A2D0-5CC98464E2B4}.Release|Any CPU.ActiveCfg = Release|x86
		{CBC6B4F1-2640-49E6-A2D0-5CC98464E2B4}.Release|ARM.ActiveCfg = Release|ARM
		{CBC6B4F1-2640-49E6-A2D0-5CC98464E2B4}.Release|ARM.Build.0 = Release|ARM
		{CBC6B4F1-2640-49E6-A2D0-5CC98464E2B4}.Release|ARM.Deploy.0 = Release|ARM
		{CBC6B4F1-2640-49E6-A2D0-5CC98464E2B4}.Release|iPhone.ActiveCfg = Release|x86
		{CBC6B4F1-2640-49E6-A2D0-5CC98464E2B4}.Release|iPhoneSimulator.ActiveCfg = Release|x86
		{CBC6B4F1-2640-49E6-A2D0-5CC98464E2B4}.Release|x64.ActiveCfg = Release|x64
		{CBC6B4F1-2640-49E6-A2D0-5CC98464E2B4}.Release|x64.Build.0 = Release|x64
		{CBC6B4F1-2640-49E6-A2D0-5CC98464E2B4}.Release|x64.Deploy.0 = Release|x64
		{CBC6B4F1-2640-49E6-A2D0-5CC98464E2B4}.Release|x86.ActiveCfg = Release|x86
		{CBC6B4F1-2640-49E6-A2D0-5CC98464E2B4}.Release|x86.Build.0 = Release|x86
		{CBC6B4F1-2640-49E6-A2D0-5CC98464E2B4}.Release|x86.Deploy.0 = Release|x86
		{83236D30-3270-4E51-B2D1-F4BF3CCF2266}.Ad-Hoc|Any CPU.ActiveCfg = Ad-Hoc|iPhone
		{83236D30-3270-4E51-B2D1-F4BF3CCF2266}.Ad-Hoc|ARM.ActiveCfg = Ad-Hoc|iPhone
		{83236D30-3270-4E51-B2D1-F4BF3CCF2266}.Ad-Hoc|iPhone.ActiveCfg = Ad-Hoc|iPhone
		{83236D30-3270-4E51-B2D1-F4BF3CCF2266}.Ad-Hoc|iPhone.Build.0 = Ad-Hoc|iPhone
		{83236D30-3270-4E51-B2D1-F4BF3CCF2266}.Ad-Hoc|iPhoneSimulator.ActiveCfg = Ad-Hoc|iPhoneSimulator
		{83236D30-3270-4E51-B2D1-F4BF3CCF2266}.Ad-Hoc|iPhoneSimulator.Build.0 = Ad-Hoc|iPhoneSimulator
		{83236D30-3270-4E51-B2D1-F4BF3CCF2266}.Ad-Hoc|x64.ActiveCfg = Ad-Hoc|iPhone
		{83236D30-3270-4E51-B2D1-F4BF3CCF2266}.Ad-Hoc|x86.ActiveCfg = Ad-Hoc|iPhone
		{83236D30-3270-4E51-B2D1-F4BF3CCF2266}.AppStore|Any CPU.ActiveCfg = AppStore|iPhone
		{83236D30-3270-4E51-B2D1-F4BF3CCF2266}.AppStore|ARM.ActiveCfg = AppStore|iPhone
		{83236D30-3270-4E51-B2D1-F4BF3CCF2266}.AppStore|iPhone.ActiveCfg = AppStore|iPhone
		{83236D30-3270-4E51-B2D1-F4BF3CCF2266}.AppStore|iPhone.Build.0 = AppStore|iPhone
		{83236D30-3270-4E51-B2D1-F4BF3CCF2266}.AppStore|iPhoneSimulator.ActiveCfg = AppStore|iPhoneSimulator
		{83236D30-3270-4E51-B2D1-F4BF3CCF2266}.AppStore|iPhoneSimulator.Build.0 = AppStore|iPhoneSimulator
		{83236D30-3270-4E51-B2D1-F4BF3CCF2266}.AppStore|x64.ActiveCfg = AppStore|iPhone
		{83236D30-3270-4E51-B2D1-F4BF3CCF2266}.AppStore|x86.ActiveCfg = AppStore|iPhone
		{83236D30-3270-4E51-B2D1-F4BF3CCF2266}.Debug|Any CPU.ActiveCfg = Debug|iPhone
		{83236D30-3270-4E51-B2D1-F4BF3CCF2266}.Debug|ARM.ActiveCfg = Debug|iPhone
		{83236D30-3270-4E51-B2D1-F4BF3CCF2266}.Debug|iPhone.ActiveCfg = Debug|iPhone
		{83236D30-3270-4E51-B2D1-F4BF3CCF2266}.Debug|iPhone.Build.0 = Debug|iPhone
		{83236D30-3270-4E51-B2D1-F4BF3CCF2266}.Debug|iPhoneSimulator.ActiveCfg = Debug|iPhoneSimulator
		{83236D30-3270-4E51-B2D1-F4BF3CCF2266}.Debug|iPhoneSimulator.Build.0 = Debug|iPhoneSimulator
		{83236D30-3270-4E51-B2D1-F4BF3CCF2266}.Debug|x64.ActiveCfg = Debug|iPhone
		{83236D30-3270-4E51-B2D1-F4BF3CCF2266}.Debug|x86.ActiveCfg = Debug|iPhone
		{83236D30-3270-4E51-B2D1-F4BF3CCF2266}.Release|Any CPU.ActiveCfg = Release|iPhone
		{83236D30-3270-4E51-B2D1-F4BF3CCF2266}.Release|ARM.ActiveCfg = Release|iPhone
		{83236D30-3270-4E51-B2D1-F4BF3CCF2266}.Release|iPhone.ActiveCfg = Release|iPhone
		{83236D30-3270-4E51-B2D1-F4BF3CCF2266}.Release|iPhone.Build.0 = Release|iPhone
		{83236D30-3270-4E51-B2D1-F4BF3CCF2266}.Release|iPhoneSimulator.ActiveCfg = Release|iPhoneSimulator
		{83236D30-3270-4E51-B2D1-F4BF3CCF2266}.Release|iPhoneSimulator.Build.0 = Release|iPhoneSimulator
		{83236D30-3270-4E51-B2D1-F4BF3CCF2266}.Release|x64.ActiveCfg = Release|iPhone
		{83236D30-3270-4E51-B2D1-F4BF3CCF2266}.Release|x86.ActiveCfg = Release|iPhone
	EndGlobalSection
	GlobalSection(SolutionProperties) = preSolution
		HideSolutionNode = FALSE
	EndGlobalSection
	GlobalSection(ExtensibilityGlobals) = postSolution
		SolutionGuid = {05400F23-B57A-4021-BB7A-878395C5B2DD}
	EndGlobalSection
EndGlobal
